
Microsoft Visual Studio Solution File, Format Version 11.00
# Visual Studio 2010
Project("{8BC9CEB8-8B4A-11D0-8D11-00A0C91BC942}") = "chapter5", "chapter5\chapter5.vcxproj", "{D8EBFCA8-FAFB-49DF-9274-0C02F1658FB2}"
EndProject
Global
	GlobalSection(SolutionConfigurationPlatforms) = preSolution
		Debug|Win32 = Debug|Win32
		Release|Win32 = Release|Win32
	EndGlobalSection
	GlobalSection(ProjectConfigurationPlatforms) = postSolution
		{D8EBFCA8-FAFB-49DF-9274-0C02F1658FB2}.Debug|Win32.ActiveCfg = Debug|Win32
		{D8EBFCA8-FAFB-49DF-9274-0C02F1658FB2}.Debug|Win32.Build.0 = Debug|Win32
		{D8EBFCA8-FAFB-49DF-9274-0C02F1658FB2}.Release|Win32.ActiveCfg = Release|Win32
		{D8EBFCA8-FAFB-49DF-9274-0C02F1658FB2}.Release|Win32.Build.0 = Release|Win32
	EndGlobalSection
	GlobalSection(SolutionProperties) = preSolution
		HideSolutionNode = FALSE
	EndGlobalSection
EndGlobal
